
Microsoft Visual Studio Solution File, Format Version 12.00
# Visual Studio Version 18
VisualStudioVersion = 18.9.12120.119 stable
MinimumVisualStudioVersion = 10.0.40219.1
Project("{FAE04EC0-301F-11D3-BF4B-00C04F79EFBC}") = "AIRedirector", "AIRedirector.csproj", "{277241E8-C875-EC1F-4ED8-005E939B2D69}"
EndProject
Project("{FAE04EC0-301F-11D3-BF4B-00C04F79EFBC}") = "UmamusumeResponseAnalyzer", "..\..\UmamusumeResponseAnalyzer\UmamusumeResponseAnalyzer\UmamusumeResponseAnalyzer.csproj", "{716BA918-473A-5CA1-A15B-A41CD3F6F895}"
EndProject
Global
	GlobalSection(SolutionConfigurationPlatforms) = preSolution
		Debug|Any CPU = Debug|Any CPU
		Release|Any CPU = Release|Any CPU
	EndGlobalSection
	GlobalSection(ProjectConfigurationPlatforms) = postSolution
		{277241E8-C875-EC1F-4ED8-005E939B2D69}.Debug|Any CPU.ActiveCfg = Debug|Any CPU
		{277241E8-C875-EC1F-4ED8-005E939B2D69}.Debug|Any CPU.Build.0 = Debug|Any CPU
		{277241E8-C875-EC1F-4ED8-005E939B2D69}.Release|Any CPU.ActiveCfg = Release|Any CPU
		{277241E8-C875-EC1F-4ED8-005E939B2D69}.Release|Any CPU.Build.0 = Release|Any CPU
		{716BA918-473A-5CA1-A15B-A41CD3F6F895}.Debug|Any CPU.ActiveCfg = Debug|Any CPU
		{716BA918-473A-5CA1-A15B-A41CD3F6F895}.Debug|Any CPU.Build.0 = Debug|Any CPU
		{716BA918-473A-5CA1-A15B-A41CD3F6F895}.Release|Any CPU.ActiveCfg = Release|Any CPU
		{716BA918-473A-5CA1-A15B-A41CD3F6F895}.Release|Any CPU.Build.0 = Release|Any CPU
	EndGlobalSection
	GlobalSection(SolutionProperties) = preSolution
		HideSolutionNode = FALSE
	EndGlobalSection
	GlobalSection(ExtensibilityGlobals) = postSolution
		SolutionGuid = {EDB4AA63-AE50-42EC-AE26-F428021EB855}
	EndGlobalSection
EndGlobal
